
Microsoft Visual Studio Solution File, Format Version 12.00
# Visual Studio Version 17
VisualStudioVersion = 17.0.31903.59
MinimumVisualStudioVersion = 10.0.40219.1
Project("{FAE04EC0-301F-11D3-BF4B-00C04F79EFBC}") = "Entities", "Entities\Entities.csproj", "{95732A9A-4C70-4829-BE79-13DD2D397420}"
EndProject
Project("{FAE04EC0-301F-11D3-BF4B-00C04F79EFBC}") = "Repositories", "Repositories\Repositories.csproj", "{9B7516F2-449C-499D-B0F4-6A6BB902F5B1}"
EndProject
Project("{FAE04EC0-301F-11D3-BF4B-00C04F79EFBC}") = "Services", "Services\Services.csproj", "{C9ED6E69-8B6B-40B8-BF6E-E483D9F5516A}"
EndProject
Project("{FAE04EC0-301F-11D3-BF4B-00C04F79EFBC}") = "OrdersWebAPI", "OrdersWebAPI\OrdersWebAPI.csproj", "{B7E18A4E-3400-4161-8088-B9D5A791C1B4}"
EndProject
Project("{FAE04EC0-301F-11D3-BF4B-00C04F79EFBC}") = "ShoppingCartWebAPI", "ShoppingCartWebAPI\ShoppingCartWebAPI.csproj", "{27953DB4-CC6C-4ECD-B0D4-FD873EA59DBE}"
EndProject
Project("{FAE04EC0-301F-11D3-BF4B-00C04F79EFBC}") = "ProductsWebAPI", "ProductsWebAPI\ProductsWebAPI.csproj", "{AC325053-3919-4FCA-AAA5-8F43BB81DB92}"
EndProject
Project("{FAE04EC0-301F-11D3-BF4B-00C04F79EFBC}") = "UserWebAPI", "UserWebAPI\UserWebAPI.csproj", "{4221A9BC-A42C-402B-B713-35EF9A005640}"
EndProject
Project("{FAE04EC0-301F-11D3-BF4B-00C04F79EFBC}") = "APIGateway", "APIGateway\APIGateway.csproj", "{8CFA4D53-C0A9-492D-98D6-990B3AF0A4C9}"
EndProject
Global
	GlobalSection(SolutionConfigurationPlatforms) = preSolution
		Debug|Any CPU = Debug|Any CPU
		Release|Any CPU = Release|Any CPU
	EndGlobalSection
	GlobalSection(SolutionProperties) = preSolution
		HideSolutionNode = FALSE
	EndGlobalSection
	GlobalSection(ProjectConfigurationPlatforms) = postSolution
		{1D5CB28A-3877-4F69-95B3-B7EE2BD4ADC0}.Debug|Any CPU.ActiveCfg = Debug|Any CPU
		{1D5CB28A-3877-4F69-95B3-B7EE2BD4ADC0}.Debug|Any CPU.Build.0 = Debug|Any CPU
		{1D5CB28A-3877-4F69-95B3-B7EE2BD4ADC0}.Release|Any CPU.ActiveCfg = Release|Any CPU
		{1D5CB28A-3877-4F69-95B3-B7EE2BD4ADC0}.Release|Any CPU.Build.0 = Release|Any CPU
		{95732A9A-4C70-4829-BE79-13DD2D397420}.Debug|Any CPU.ActiveCfg = Debug|Any CPU
		{95732A9A-4C70-4829-BE79-13DD2D397420}.Debug|Any CPU.Build.0 = Debug|Any CPU
		{95732A9A-4C70-4829-BE79-13DD2D397420}.Release|Any CPU.ActiveCfg = Release|Any CPU
		{95732A9A-4C70-4829-BE79-13DD2D397420}.Release|Any CPU.Build.0 = Release|Any CPU
		{9B7516F2-449C-499D-B0F4-6A6BB902F5B1}.Debug|Any CPU.ActiveCfg = Debug|Any CPU
		{9B7516F2-449C-499D-B0F4-6A6BB902F5B1}.Debug|Any CPU.Build.0 = Debug|Any CPU
		{9B7516F2-449C-499D-B0F4-6A6BB902F5B1}.Release|Any CPU.ActiveCfg = Release|Any CPU
		{9B7516F2-449C-499D-B0F4-6A6BB902F5B1}.Release|Any CPU.Build.0 = Release|Any CPU
		{C9ED6E69-8B6B-40B8-BF6E-E483D9F5516A}.Debug|Any CPU.ActiveCfg = Debug|Any CPU
		{C9ED6E69-8B6B-40B8-BF6E-E483D9F5516A}.Debug|Any CPU.Build.0 = Debug|Any CPU
		{C9ED6E69-8B6B-40B8-BF6E-E483D9F5516A}.Release|Any CPU.ActiveCfg = Release|Any CPU
		{C9ED6E69-8B6B-40B8-BF6E-E483D9F5516A}.Release|Any CPU.Build.0 = Release|Any CPU
		{B7E18A4E-3400-4161-8088-B9D5A791C1B4}.Debug|Any CPU.ActiveCfg = Debug|Any CPU
		{B7E18A4E-3400-4161-8088-B9D5A791C1B4}.Debug|Any CPU.Build.0 = Debug|Any CPU
		{B7E18A4E-3400-4161-8088-B9D5A791C1B4}.Release|Any CPU.ActiveCfg = Release|Any CPU
		{B7E18A4E-3400-4161-8088-B9D5A791C1B4}.Release|Any CPU.Build.0 = Release|Any CPU
		{27953DB4-CC6C-4ECD-B0D4-FD873EA59DBE}.Debug|Any CPU.ActiveCfg = Debug|Any CPU
		{27953DB4-CC6C-4ECD-B0D4-FD873EA59DBE}.Debug|Any CPU.Build.0 = Debug|Any CPU
		{27953DB4-CC6C-4ECD-B0D4-FD873EA59DBE}.Release|Any CPU.ActiveCfg = Release|Any CPU
		{27953DB4-CC6C-4ECD-B0D4-FD873EA59DBE}.Release|Any CPU.Build.0 = Release|Any CPU
		{AC325053-3919-4FCA-AAA5-8F43BB81DB92}.Debug|Any CPU.ActiveCfg = Debug|Any CPU
		{AC325053-3919-4FCA-AAA5-8F43BB81DB92}.Debug|Any CPU.Build.0 = Debug|Any CPU
		{AC325053-3919-4FCA-AAA5-8F43BB81DB92}.Release|Any CPU.ActiveCfg = Release|Any CPU
		{AC325053-3919-4FCA-AAA5-8F43BB81DB92}.Release|Any CPU.Build.0 = Release|Any CPU
		{4221A9BC-A42C-402B-B713-35EF9A005640}.Debug|Any CPU.ActiveCfg = Debug|Any CPU
		{4221A9BC-A42C-402B-B713-35EF9A005640}.Debug|Any CPU.Build.0 = Debug|Any CPU
		{4221A9BC-A42C-402B-B713-35EF9A005640}.Release|Any CPU.ActiveCfg = Release|Any CPU
		{4221A9BC-A42C-402B-B713-35EF9A005640}.Release|Any CPU.Build.0 = Release|Any CPU
		{8DEC9CCF-3353-477A-86BA-2BEEDD62BC1B}.Debug|Any CPU.ActiveCfg = Debug|Any CPU
		{8DEC9CCF-3353-477A-86BA-2BEEDD62BC1B}.Debug|Any CPU.Build.0 = Debug|Any CPU
		{8DEC9CCF-3353-477A-86BA-2BEEDD62BC1B}.Release|Any CPU.ActiveCfg = Release|Any CPU
		{8DEC9CCF-3353-477A-86BA-2BEEDD62BC1B}.Release|Any CPU.Build.0 = Release|Any CPU
		{8CFA4D53-C0A9-492D-98D6-990B3AF0A4C9}.Debug|Any CPU.ActiveCfg = Debug|Any CPU
		{8CFA4D53-C0A9-492D-98D6-990B3AF0A4C9}.Debug|Any CPU.Build.0 = Debug|Any CPU
		{8CFA4D53-C0A9-492D-98D6-990B3AF0A4C9}.Release|Any CPU.ActiveCfg = Release|Any CPU
		{8CFA4D53-C0A9-492D-98D6-990B3AF0A4C9}.Release|Any CPU.Build.0 = Release|Any CPU
	EndGlobalSection
EndGlobal
